PODS:
  - FontAwesome.swift (1.4.8)

DEPENDENCIES:
  - FontAwesome.swift (~> 1.4.8)

SPEC REPOS:
  https://github.com/cocoapods/specs.git:
    - FontAwesome.swift

SPEC CHECKSUMS:
  FontAwesome.swift: fb8637bffb9a588c7e8c753c084565b27b20a39d

PODFILE CHECKSUM: acdfcb9e83d84957a8f16f3245b9558b37cda6d7

COCOAPODS: 1.5.3
